// !$*UTF8*$!
{
	archiveVersion = 1;
	classes = {
	};
	objectVersion = 56;
	objects = {

/* Begin PBXBuildFile section */
		C73F60E62A8442FD00A30380 /* CrochetHelperApp.swift in Sources */ = {isa = PBXBuildFile; fileRef = C73F60E52A8442FD00A30380 /* CrochetHelperApp.swift */; };
		C73F60E82A8442FD00A30380 /* ContentView.swift in Sources */ = {isa = PBXBuildFile; fileRef = C73F60E72A8442FD00A30380 /* ContentView.swift */; };
		C73F60EA2A8442FE00A30380 /* Assets.xcassets in Resources */ = {isa = PBXBuildFile; fileRef = C73F60E92A8442FE00A30380 /* Assets.xcassets */; };
		C73F60ED2A8442FE00A30380 /* Preview Assets.xcassets in Resources */ = {isa = PBXBuildFile; fileRef = C73F60EC2A8442FE00A30380 /* Preview Assets.xcassets */; };
		C73F60FA2A84532300A30380 /* AllPatternsView.swift in Sources */ = {isa = PBXBuildFile; fileRef = C73F60F92A84532300A30380 /* AllPatternsView.swift */; };
		C73F60FC2A84533C00A30380 /* NewPatternView.swift in Sources */ = {isa = PBXBuildFile; fileRef = C73F60FB2A84533C00A30380 /* NewPatternView.swift */; };
		C73F60FE2A84535100A30380 /* YarnCollectionView.swift in Sources */ = {isa = PBXBuildFile; fileRef = C73F60FD2A84535100A30380 /* YarnCollectionView.swift */; };
		C73F61002A84535C00A30380 /* SettingsView.swift in Sources */ = {isa = PBXBuildFile; fileRef = C73F60FF2A84535C00A30380 /* SettingsView.swift */; };
		C73F61022A84536C00A30380 /* AllProjectsView.swift in Sources */ = {isa = PBXBuildFile; fileRef = C73F61012A84536C00A30380 /* AllProjectsView.swift */; };
		C73F61042A8453A200A30380 /* GlossaryView.swift in Sources */ = {isa = PBXBuildFile; fileRef = C73F61032A8453A200A30380 /* GlossaryView.swift */; };
		C73F610A2A84570500A30380 /* TabBar.swift in Sources */ = {isa = PBXBuildFile; fileRef = C73F61092A84570500A30380 /* TabBar.swift */; };
		C73F610C2A847A1A00A30380 /* PatternModel.swift in Sources */ = {isa = PBXBuildFile; fileRef = C73F610B2A847A1A00A30380 /* PatternModel.swift */; };
		C73F610E2A856E2700A30380 /* YarnModel.swift in Sources */ = {isa = PBXBuildFile; fileRef = C73F610D2A856E2700A30380 /* YarnModel.swift */; };
		C73F61102A856E3400A30380 /* GlossaryTermModel.swift in Sources */ = {isa = PBXBuildFile; fileRef = C73F610F2A856E3400A30380 /* GlossaryTermModel.swift */; };
		C73F61122A856E3D00A30380 /* ProjectModel.swift in Sources */ = {isa = PBXBuildFile; fileRef = C73F61112A856E3D00A30380 /* ProjectModel.swift */; };
		C73F61142A8586FB00A30380 /* NewYarnView.swift in Sources */ = {isa = PBXBuildFile; fileRef = C73F61132A8586FB00A30380 /* NewYarnView.swift */; };
		C73F61182A85877100A30380 /* NewTermView.swift in Sources */ = {isa = PBXBuildFile; fileRef = C73F61172A85877100A30380 /* NewTermView.swift */; };
		C73F611A2A85877D00A30380 /* NewProjectView.swift in Sources */ = {isa = PBXBuildFile; fileRef = C73F61192A85877D00A30380 /* NewProjectView.swift */; };
		C7FDB20B2A85981000C06EA4 /* ImageUploadView.swift in Sources */ = {isa = PBXBuildFile; fileRef = C7FDB20A2A85981000C06EA4 /* ImageUploadView.swift */; };
		C7FDB2102A86BE6A00C06EA4 /* Realm in Frameworks */ = {isa = PBXBuildFile; productRef = C7FDB20F2A86BE6A00C06EA4 /* Realm */; };
		C7FDB2122A86BE6A00C06EA4 /* RealmSwift in Frameworks */ = {isa = PBXBuildFile; productRef = C7FDB2112A86BE6A00C06EA4 /* RealmSwift */; };
		C7FDB2152A86ED1400C06EA4 /* PatternCard.swift in Sources */ = {isa = PBXBuildFile; fileRef = C7FDB2142A86ED1400C06EA4 /* PatternCard.swift */; };
		C7FDB2172A86EDD300C06EA4 /* ProjectCard.swift in Sources */ = {isa = PBXBuildFile; fileRef = C7FDB2162A86EDD300C06EA4 /* ProjectCard.swift */; };
		C7FDB2192A86EDDB00C06EA4 /* YarnCard.swift in Sources */ = {isa = PBXBuildFile; fileRef = C7FDB2182A86EDDB00C06EA4 /* YarnCard.swift */; };
		C7FDB21B2A86EDE600C06EA4 /* TermCard.swift in Sources */ = {isa = PBXBuildFile; fileRef = C7FDB21A2A86EDE600C06EA4 /* TermCard.swift */; };
		C7FDB21E2A8718FC00C06EA4 /* PatternList.swift in Sources */ = {isa = PBXBuildFile; fileRef = C7FDB21D2A8718FC00C06EA4 /* PatternList.swift */; };
		C7FDB2202A871F9D00C06EA4 /* ProjectList.swift in Sources */ = {isa = PBXBuildFile; fileRef = C7FDB21F2A871F9D00C06EA4 /* ProjectList.swift */; };
		C7FDB2222A871FA500C06EA4 /* YarnList.swift in Sources */ = {isa = PBXBuildFile; fileRef = C7FDB2212A871FA500C06EA4 /* YarnList.swift */; };
		C7FDB2242A871FAD00C06EA4 /* TermList.swift in Sources */ = {isa = PBXBuildFile; fileRef = C7FDB2232A871FAD00C06EA4 /* TermList.swift */; };
/* End PBXBuildFile section */

/* Begin PBXFileReference section */
		C73F60E22A8442FD00A30380 /* CrochetHelper.app */ = {isa = PBXFileReference; explicitFileType = wrapper.application; includeInIndex = 0; path = CrochetHelper.app; sourceTree = BUILT_PRODUCTS_DIR; };
		C73F60E52A8442FD00A30380 /* CrochetHelperApp.swift */ = {isa = PBXFileReference; lastKnownFileType = sourcecode.swift; path = CrochetHelperApp.swift; sourceTree = "<group>"; };
		C73F60E72A8442FD00A30380 /* ContentView.swift */ = {isa = PBXFileReference; lastKnownFileType = sourcecode.swift; path = ContentView.swift; sourceTree = "<group>"; };
		C73F60E92A8442FE00A30380 /* Assets.xcassets */ = {isa = PBXFileReference; lastKnownFileType = folder.assetcatalog; path = Assets.xcassets; sourceTree = "<group>"; };
		C73F60EC2A8442FE00A30380 /* Preview Assets.xcassets */ = {isa = PBXFileReference; lastKnownFileType = folder.assetcatalog; path = "Preview Assets.xcassets"; sourceTree = "<group>"; };
		C73F60F92A84532300A30380 /* AllPatternsView.swift */ = {isa = PBXFileReference; lastKnownFileType = sourcecode.swift; path = AllPatternsView.swift; sourceTree = "<group>"; };
		C73F60FB2A84533C00A30380 /* NewPatternView.swift */ = {isa = PBXFileReference; lastKnownFileType = sourcecode.swift; path = NewPatternView.swift; sourceTree = "<group>"; };
		C73F60FD2A84535100A30380 /* YarnCollectionView.swift */ = {isa = PBXFileReference; lastKnownFileType = sourcecode.swift; path = YarnCollectionView.swift; sourceTree = "<group>"; };
		C73F60FF2A84535C00A30380 /* SettingsView.swift */ = {isa = PBXFileReference; lastKnownFileType = sourcecode.swift; path = SettingsView.swift; sourceTree = "<group>"; };
		C73F61012A84536C00A30380 /* AllProjectsView.swift */ = {isa = PBXFileReference; lastKnownFileType = sourcecode.swift; path = AllProjectsView.swift; sourceTree = "<group>"; };
		C73F61032A8453A200A30380 /* GlossaryView.swift */ = {isa = PBXFileReference; lastKnownFileType = sourcecode.swift; path = GlossaryView.swift; sourceTree = "<group>"; };
		C73F61092A84570500A30380 /* TabBar.swift */ = {isa = PBXFileReference; lastKnownFileType = sourcecode.swift; path = TabBar.swift; sourceTree = "<group>"; };
		C73F610B2A847A1A00A30380 /* PatternModel.swift */ = {isa = PBXFileReference; lastKnownFileType = sourcecode.swift; path = PatternModel.swift; sourceTree = "<group>"; };
		C73F610D2A856E2700A30380 /* YarnModel.swift */ = {isa = PBXFileReference; lastKnownFileType = sourcecode.swift; path = YarnModel.swift; sourceTree = "<group>"; };
		C73F610F2A856E3400A30380 /* GlossaryTermModel.swift */ = {isa = PBXFileReference; lastKnownFileType = sourcecode.swift; path = GlossaryTermModel.swift; sourceTree = "<group>"; };
		C73F61112A856E3D00A30380 /* ProjectModel.swift */ = {isa = PBXFileReference; lastKnownFileType = sourcecode.swift; path = ProjectModel.swift; sourceTree = "<group>"; };
		C73F61132A8586FB00A30380 /* NewYarnView.swift */ = {isa = PBXFileReference; lastKnownFileType = sourcecode.swift; path = NewYarnView.swift; sourceTree = "<group>"; };
		C73F61172A85877100A30380 /* NewTermView.swift */ = {isa = PBXFileReference; lastKnownFileType = sourcecode.swift; path = NewTermView.swift; sourceTree = "<group>"; };
		C73F61192A85877D00A30380 /* NewProjectView.swift */ = {isa = PBXFileReference; lastKnownFileType = sourcecode.swift; path = NewProjectView.swift; sourceTree = "<group>"; };
		C7FDB20A2A85981000C06EA4 /* ImageUploadView.swift */ = {isa = PBXFileReference; lastKnownFileType = sourcecode.swift; path = ImageUploadView.swift; sourceTree = "<group>"; };
		C7FDB2142A86ED1400C06EA4 /* PatternCard.swift */ = {isa = PBXFileReference; lastKnownFileType = sourcecode.swift; path = PatternCard.swift; sourceTree = "<group>"; };
		C7FDB2162A86EDD300C06EA4 /* ProjectCard.swift */ = {isa = PBXFileReference; lastKnownFileType = sourcecode.swift; path = ProjectCard.swift; sourceTree = "<group>"; };
		C7FDB2182A86EDDB00C06EA4 /* YarnCard.swift */ = {isa = PBXFileReference; lastKnownFileType = sourcecode.swift; path = YarnCard.swift; sourceTree = "<group>"; };
		C7FDB21A2A86EDE600C06EA4 /* TermCard.swift */ = {isa = PBXFileReference; lastKnownFileType = sourcecode.swift; path = TermCard.swift; sourceTree = "<group>"; };
		C7FDB21D2A8718FC00C06EA4 /* PatternList.swift */ = {isa = PBXFileReference; lastKnownFileType = sourcecode.swift; path = PatternList.swift; sourceTree = "<group>"; };
		C7FDB21F2A871F9D00C06EA4 /* ProjectList.swift */ = {isa = PBXFileReference; lastKnownFileType = sourcecode.swift; path = ProjectList.swift; sourceTree = "<group>"; };
		C7FDB2212A871FA500C06EA4 /* YarnList.swift */ = {isa = PBXFileReference; lastKnownFileType = sourcecode.swift; path = YarnList.swift; sourceTree = "<group>"; };
		C7FDB2232A871FAD00C06EA4 /* TermList.swift */ = {isa = PBXFileReference; lastKnownFileType = sourcecode.swift; path = TermList.swift; sourceTree = "<group>"; };
/* End PBXFileReference section */

/* Begin PBXFrameworksBuildPhase section */
		C73F60DF2A8442FD00A30380 /* Frameworks */ = {
			isa = PBXFrameworksBuildPhase;
			buildActionMask = 2147483647;
			files = (
				C7FDB2122A86BE6A00C06EA4 /* RealmSwift in Frameworks */,
				C7FDB2102A86BE6A00C06EA4 /* Realm in Frameworks */,
			);
			runOnlyForDeploymentPostprocessing = 0;
		};
/* End PBXFrameworksBuildPhase section */

/* Begin PBXGroup section */
		C73F60D92A8442FD00A30380 = {
			isa = PBXGroup;
			children = (
				C73F60E42A8442FD00A30380 /* CrochetHelper */,
				C73F60E32A8442FD00A30380 /* Products */,
			);
			sourceTree = "<group>";
		};
		C73F60E32A8442FD00A30380 /* Products */ = {
			isa = PBXGroup;
			children = (
				C73F60E22A8442FD00A30380 /* CrochetHelper.app */,
			);
			name = Products;
			sourceTree = "<group>";
		};
		C73F60E42A8442FD00A30380 /* CrochetHelper */ = {
			isa = PBXGroup;
			children = (
				C73F60E52A8442FD00A30380 /* CrochetHelperApp.swift */,
				C73F60F32A8443E300A30380 /* Views */,
				C73F60F52A84440A00A30380 /* Models */,
				C73F60F42A8443FE00A30380 /* ViewModels */,
				C73F60E92A8442FE00A30380 /* Assets.xcassets */,
				C73F60EB2A8442FE00A30380 /* Preview Content */,
			);
			path = CrochetHelper;
			sourceTree = "<group>";
		};
		C73F60EB2A8442FE00A30380 /* Preview Content */ = {
			isa = PBXGroup;
			children = (
				C73F60EC2A8442FE00A30380 /* Preview Assets.xcassets */,
			);
			path = "Preview Content";
			sourceTree = "<group>";
		};
		C73F60F32A8443E300A30380 /* Views */ = {
			isa = PBXGroup;
			children = (
				C7FDB21C2A8718EF00C06EA4 /* List */,
				C73F61152A85871F00A30380 /* New */,
				C73F60F62A84442600A30380 /* Main */,
			);
			path = Views;
			sourceTree = "<group>";
		};
		C73F60F42A8443FE00A30380 /* ViewModels */ = {
			isa = PBXGroup;
			children = (
			);
			path = ViewModels;
			sourceTree = "<group>";
		};
		C73F60F52A84440A00A30380 /* Models */ = {
			isa = PBXGroup;
			children = (
				C73F610B2A847A1A00A30380 /* PatternModel.swift */,
				C73F610D2A856E2700A30380 /* YarnModel.swift */,
				C73F610F2A856E3400A30380 /* GlossaryTermModel.swift */,
				C73F61112A856E3D00A30380 /* ProjectModel.swift */,
			);
			path = Models;
			sourceTree = "<group>";
		};
		C73F60F62A84442600A30380 /* Main */ = {
			isa = PBXGroup;
			children = (
				C73F60E72A8442FD00A30380 /* ContentView.swift */,
				C73F61092A84570500A30380 /* TabBar.swift */,
				C73F60F92A84532300A30380 /* AllPatternsView.swift */,
				C73F60FD2A84535100A30380 /* YarnCollectionView.swift */,
				C73F60FF2A84535C00A30380 /* SettingsView.swift */,
				C73F61012A84536C00A30380 /* AllProjectsView.swift */,
				C73F61032A8453A200A30380 /* GlossaryView.swift */,
				C7FDB20A2A85981000C06EA4 /* ImageUploadView.swift */,
			);
			path = Main;
			sourceTree = "<group>";
		};
		C73F61152A85871F00A30380 /* New */ = {
			isa = PBXGroup;
			children = (
				C73F60FB2A84533C00A30380 /* NewPatternView.swift */,
				C73F61132A8586FB00A30380 /* NewYarnView.swift */,
				C73F61172A85877100A30380 /* NewTermView.swift */,
				C73F61192A85877D00A30380 /* NewProjectView.swift */,
			);
			path = New;
			sourceTree = "<group>";
		};
		C7FDB2132A86E9AE00C06EA4 /* Cards */ = {
			isa = PBXGroup;
			children = (
				C7FDB2142A86ED1400C06EA4 /* PatternCard.swift */,
				C7FDB2162A86EDD300C06EA4 /* ProjectCard.swift */,
				C7FDB2182A86EDDB00C06EA4 /* YarnCard.swift */,
				C7FDB21A2A86EDE600C06EA4 /* TermCard.swift */,
			);
			path = Cards;
			sourceTree = "<group>";
		};
		C7FDB21C2A8718EF00C06EA4 /* List */ = {
			isa = PBXGroup;
			children = (
				C7FDB2132A86E9AE00C06EA4 /* Cards */,
				C7FDB21D2A8718FC00C06EA4 /* PatternList.swift */,
				C7FDB21F2A871F9D00C06EA4 /* ProjectList.swift */,
				C7FDB2212A871FA500C06EA4 /* YarnList.swift */,
				C7FDB2232A871FAD00C06EA4 /* TermList.swift */,
			);
			path = List;
			sourceTree = "<group>";
		};
/* End PBXGroup section */

/* Begin PBXNativeTarget section */
		C73F60E12A8442FD00A30380 /* CrochetHelper */ = {
			isa = PBXNativeTarget;
			buildConfigurationList = C73F60F02A8442FE00A30380 /* Build configuration list for PBXNativeTarget "CrochetHelper" */;
			buildPhases = (
				C73F60DE2A8442FD00A30380 /* Sources */,
				C73F60DF2A8442FD00A30380 /* Frameworks */,
				C73F60E02A8442FD00A30380 /* Resources */,
			);
			buildRules = (
			);
			dependencies = (
			);
			name = CrochetHelper;
			packageProductDependencies = (
				C7FDB20F2A86BE6A00C06EA4 /* Realm */,
				C7FDB2112A86BE6A00C06EA4 /* RealmSwift */,
			);
			productName = "Crochet Helper";
			productReference = C73F60E22A8442FD00A30380 /* CrochetHelper.app */;
			productType = "com.apple.product-type.application";
		};
/* End PBXNativeTarget section */

/* Begin PBXProject section */
		C73F60DA2A8442FD00A30380 /* Project object */ = {
			isa = PBXProject;
			attributes = {
				BuildIndependentTargetsInParallel = 1;
				LastSwiftUpdateCheck = 1430;
				LastUpgradeCheck = 1430;
				TargetAttributes = {
					C73F60E12A8442FD00A30380 = {
						CreatedOnToolsVersion = 14.3.1;
					};
				};
			};
			buildConfigurationList = C73F60DD2A8442FD00A30380 /* Build configuration list for PBXProject "CrochetHelper" */;
			compatibilityVersion = "Xcode 14.0";
			developmentRegion = en;
			hasScannedForEncodings = 0;
			knownRegions = (
				en,
				Base,
			);
			mainGroup = C73F60D92A8442FD00A30380;
			packageReferences = (
				C7FDB20E2A86BE6A00C06EA4 /* XCRemoteSwiftPackageReference "realm-swift" */,
			);
			productRefGroup = C73F60E32A8442FD00A30380 /* Products */;
			projectDirPath = "";
			projectRoot = "";
			targets = (
				C73F60E12A8442FD00A30380 /* CrochetHelper */,
			);
		};
/* End PBXProject section */

/* Begin PBXResourcesBuildPhase section */
		C73F60E02A8442FD00A30380 /* Resources */ = {
			isa = PBXResourcesBuildPhase;
			buildActionMask = 2147483647;
			files = (
				C73F60ED2A8442FE00A30380 /* Preview Assets.xcassets in Resources */,
				C73F60EA2A8442FE00A30380 /* Assets.xcassets in Resources */,
			);
			runOnlyForDeploymentPostprocessing = 0;
		};
/* End PBXResourcesBuildPhase section */

/* Begin PBXSourcesBuildPhase section */
		C73F60DE2A8442FD00A30380 /* Sources */ = {
			isa = PBXSourcesBuildPhase;
			buildActionMask = 2147483647;
			files = (
				C73F61122A856E3D00A30380 /* ProjectModel.swift in Sources */,
				C73F61022A84536C00A30380 /* AllProjectsView.swift in Sources */,
				C73F610E2A856E2700A30380 /* YarnModel.swift in Sources */,
				C73F60FA2A84532300A30380 /* AllPatternsView.swift in Sources */,
				C73F61102A856E3400A30380 /* GlossaryTermModel.swift in Sources */,
				C73F610C2A847A1A00A30380 /* PatternModel.swift in Sources */,
				C7FDB2192A86EDDB00C06EA4 /* YarnCard.swift in Sources */,
				C7FDB2172A86EDD300C06EA4 /* ProjectCard.swift in Sources */,
				C73F60E82A8442FD00A30380 /* ContentView.swift in Sources */,
				C73F61142A8586FB00A30380 /* NewYarnView.swift in Sources */,
				C7FDB20B2A85981000C06EA4 /* ImageUploadView.swift in Sources */,
				C73F60FC2A84533C00A30380 /* NewPatternView.swift in Sources */,
				C7FDB21E2A8718FC00C06EA4 /* PatternList.swift in Sources */,
				C73F61042A8453A200A30380 /* GlossaryView.swift in Sources */,
				C73F61002A84535C00A30380 /* SettingsView.swift in Sources */,
				C7FDB2202A871F9D00C06EA4 /* ProjectList.swift in Sources */,
				C73F611A2A85877D00A30380 /* NewProjectView.swift in Sources */,
				C73F60E62A8442FD00A30380 /* CrochetHelperApp.swift in Sources */,
				C73F60FE2A84535100A30380 /* YarnCollectionView.swift in Sources */,
				C7FDB21B2A86EDE600C06EA4 /* TermCard.swift in Sources */,
				C7FDB2242A871FAD00C06EA4 /* TermList.swift in Sources */,
				C73F610A2A84570500A30380 /* TabBar.swift in Sources */,
				C73F61182A85877100A30380 /* NewTermView.swift in Sources */,
				C7FDB2152A86ED1400C06EA4 /* PatternCard.swift in Sources */,
				C7FDB2222A871FA500C06EA4 /* YarnList.swift in Sources */,
			);
			runOnlyForDeploymentPostprocessing = 0;
		};
/* End PBXSourcesBuildPhase section */

/* Begin XCBuildConfiguration section */
		C73F60EE2A8442FE00A30380 /* Debug */ = {
			isa = XCBuildConfiguration;
			buildSettings = {
				ALWAYS_SEARCH_USER_PATHS = NO;
				CLANG_ANALYZER_NONNULL = YES;
				CLANG_ANALYZER_NUMBER_OBJECT_CONVERSION = YES_AGGRESSIVE;
				CLANG_CXX_LANGUAGE_STANDARD = "gnu++20";
				CLANG_ENABLE_MODULES = YES;
				CLANG_ENABLE_OBJC_ARC = YES;
				CLANG_ENABLE_OBJC_WEAK = YES;
				CLANG_WARN_BLOCK_CAPTURE_AUTORELEASING = YES;
				CLANG_WARN_BOOL_CONVERSION = YES;
				CLANG_WARN_COMMA = YES;
				CLANG_WARN_CONSTANT_CONVERSION = YES;
				CLANG_WARN_DEPRECATED_OBJC_IMPLEMENTATIONS = YES;
				CLANG_WARN_DIRECT_OBJC_ISA_USAGE = YES_ERROR;
				CLANG_WARN_DOCUMENTATION_COMMENTS = YES;
				CLANG_WARN_EMPTY_BODY = YES;
				CLANG_WARN_ENUM_CONVERSION = YES;
				CLANG_WARN_INFINITE_RECURSION = YES;
				CLANG_WARN_INT_CONVERSION = YES;
				CLANG_WARN_NON_LITERAL_NULL_CONVERSION = YES;
				CLANG_WARN_OBJC_IMPLICIT_RETAIN_SELF = YES;
				CLANG_WARN_OBJC_LITERAL_CONVERSION = YES;
				CLANG_WARN_OBJC_ROOT_CLASS = YES_ERROR;
				CLANG_WARN_QUOTED_INCLUDE_IN_FRAMEWORK_HEADER = YES;
				CLANG_WARN_RANGE_LOOP_ANALYSIS = YES;
				CLANG_WARN_STRICT_PROTOTYPES = YES;
				CLANG_WARN_SUSPICIOUS_MOVE = YES;
				CLANG_WARN_UNGUARDED_AVAILABILITY = YES_AGGRESSIVE;
				CLANG_WARN_UNREACHABLE_CODE = YES;
				CLANG_WARN__DUPLICATE_METHOD_MATCH = YES;
				COPY_PHASE_STRIP = NO;
				DEBUG_INFORMATION_FORMAT = dwarf;
				ENABLE_STRICT_OBJC_MSGSEND = YES;
				ENABLE_TESTABILITY = YES;
				GCC_C_LANGUAGE_STANDARD = gnu11;
				GCC_DYNAMIC_NO_PIC = NO;
				GCC_NO_COMMON_BLOCKS = YES;
				GCC_OPTIMIZATION_LEVEL = 0;
				GCC_PREPROCESSOR_DEFINITIONS = (
					"DEBUG=1",
					"$(inherited)",
				);
				GCC_WARN_64_TO_32_BIT_CONVERSION = YES;
				GCC_WARN_ABOUT_RETURN_TYPE = YES_ERROR;
				GCC_WARN_UNDECLARED_SELECTOR = YES;
				GCC_WARN_UNINITIALIZED_AUTOS = YES_AGGRESSIVE;
				GCC_WARN_UNUSED_FUNCTION = YES;
				GCC_WARN_UNUSED_VARIABLE = YES;
				IPHONEOS_DEPLOYMENT_TARGET = 16.4;
				MTL_ENABLE_DEBUG_INFO = INCLUDE_SOURCE;
				MTL_FAST_MATH = YES;
				ONLY_ACTIVE_ARCH = YES;
				SDKROOT = iphoneos;
				SWIFT_ACTIVE_COMPILATION_CONDITIONS = DEBUG;
				SWIFT_OPTIMIZATION_LEVEL = "-Onone";
			};
			name = Debug;
		};
		C73F60EF2A8442FE00A30380 /* Release */ = {
			isa = XCBuildConfiguration;
			buildSettings = {
				ALWAYS_SEARCH_USER_PATHS = NO;
				CLANG_ANALYZER_NONNULL = YES;
				CLANG_ANALYZER_NUMBER_OBJECT_CONVERSION = YES_AGGRESSIVE;
				CLANG_CXX_LANGUAGE_STANDARD = "gnu++20";
				CLANG_ENABLE_MODULES = YES;
				CLANG_ENABLE_OBJC_ARC = YES;
				CLANG_ENABLE_OBJC_WEAK = YES;
				CLANG_WARN_BLOCK_CAPTURE_AUTORELEASING = YES;
				CLANG_WARN_BOOL_CONVERSION = YES;
				CLANG_WARN_COMMA = YES;
				CLANG_WARN_CONSTANT_CONVERSION = YES;
				CLANG_WARN_DEPRECATED_OBJC_IMPLEMENTATIONS = YES;
				CLANG_WARN_DIRECT_OBJC_ISA_USAGE = YES_ERROR;
				CLANG_WARN_DOCUMENTATION_COMMENTS = YES;
				CLANG_WARN_EMPTY_BODY = YES;
				CLANG_WARN_ENUM_CONVERSION = YES;
				CLANG_WARN_INFINITE_RECURSION = YES;
				CLANG_WARN_INT_CONVERSION = YES;
				CLANG_WARN_NON_LITERAL_NULL_CONVERSION = YES;
				CLANG_WARN_OBJC_IMPLICIT_RETAIN_SELF = YES;
				CLANG_WARN_OBJC_LITERAL_CONVERSION = YES;
				CLANG_WARN_OBJC_ROOT_CLASS = YES_ERROR;
				CLANG_WARN_QUOTED_INCLUDE_IN_FRAMEWORK_HEADER = YES;
				CLANG_WARN_RANGE_LOOP_ANALYSIS = YES;
				CLANG_WARN_STRICT_PROTOTYPES = YES;
				CLANG_WARN_SUSPICIOUS_MOVE = YES;
				CLANG_WARN_UNGUARDED_AVAILABILITY = YES_AGGRESSIVE;
				CLANG_WARN_UNREACHABLE_CODE = YES;
				CLANG_WARN__DUPLICATE_METHOD_MATCH = YES;
				COPY_PHASE_STRIP = NO;
				DEBUG_INFORMATION_FORMAT = "dwarf-with-dsym";
				ENABLE_NS_ASSERTIONS = NO;
				ENABLE_STRICT_OBJC_MSGSEND = YES;
				GCC_C_LANGUAGE_STANDARD = gnu11;
				GCC_NO_COMMON_BLOCKS = YES;
				GCC_WARN_64_TO_32_BIT_CONVERSION = YES;
				GCC_WARN_ABOUT_RETURN_TYPE = YES_ERROR;
				GCC_WARN_UNDECLARED_SELECTOR = YES;
				GCC_WARN_UNINITIALIZED_AUTOS = YES_AGGRESSIVE;
				GCC_WARN_UNUSED_FUNCTION = YES;
				GCC_WARN_UNUSED_VARIABLE = YES;
				IPHONEOS_DEPLOYMENT_TARGET = 16.4;
				MTL_ENABLE_DEBUG_INFO = NO;
				MTL_FAST_MATH = YES;
				SDKROOT = iphoneos;
				SWIFT_COMPILATION_MODE = wholemodule;
				SWIFT_OPTIMIZATION_LEVEL = "-O";
				VALIDATE_PRODUCT = YES;
			};
			name = Release;
		};
		C73F60F12A8442FE00A30380 /* Debug */ = {
			isa = XCBuildConfiguration;
			buildSettings = {
				ASSETCATALOG_COMPILER_APPICON_NAME = AppIcon;
				ASSETCATALOG_COMPILER_GLOBAL_ACCENT_COLOR_NAME = AccentColor;
				CODE_SIGN_STYLE = Automatic;
				CURRENT_PROJECT_VERSION = 1;
				DEVELOPMENT_ASSET_PATHS = "\"CrochetHelper/Preview Content\"";
				DEVELOPMENT_TEAM = 8HZG4VWY6M;
				ENABLE_PREVIEWS = YES;
				GENERATE_INFOPLIST_FILE = YES;
				INFOPLIST_KEY_UIApplicationSceneManifest_Generation = YES;
				INFOPLIST_KEY_UIApplicationSupportsIndirectInputEvents = YES;
				INFOPLIST_KEY_UILaunchScreen_Generation = YES;
				INFOPLIST_KEY_UISupportedInterfaceOrientations_iPad = "UIInterfaceOrientationPortrait UIInterfaceOrientationPortraitUpsideDown UIInterfaceOrientationLandscapeLeft UIInterfaceOrientationLandscapeRight";
				INFOPLIST_KEY_UISupportedInterfaceOrientations_iPhone = "UIInterfaceOrientationPortrait UIInterfaceOrientationLandscapeLeft UIInterfaceOrientationLandscapeRight";
				IPHONEOS_DEPLOYMENT_TARGET = 16.0;
				LD_RUNPATH_SEARCH_PATHS = (
					"$(inherited)",
					"@executable_path/Frameworks",
				);
				MARKETING_VERSION = 1.0;
				PRODUCT_BUNDLE_IDENTIFIER = com.alinatariq.CrochetHelper;
				PRODUCT_NAME = "$(TARGET_NAME)";
				SWIFT_EMIT_LOC_STRINGS = YES;
				SWIFT_VERSION = 5.0;
				TARGETED_DEVICE_FAMILY = "1,2";
			};
			name = Debug;
		};
		C73F60F22A8442FE00A30380 /* Release */ = {
			isa = XCBuildConfiguration;
			buildSettings = {
				ASSETCATALOG_COMPILER_APPICON_NAME = AppIcon;
				ASSETCATALOG_COMPILER_GLOBAL_ACCENT_COLOR_NAME = AccentColor;
				CODE_SIGN_STYLE = Automatic;
				CURRENT_PROJECT_VERSION = 1;
				DEVELOPMENT_ASSET_PATHS = "\"CrochetHelper/Preview Content\"";
				DEVELOPMENT_TEAM = 8HZG4VWY6M;
				ENABLE_PREVIEWS = YES;
				GENERATE_INFOPLIST_FILE = YES;
				INFOPLIST_KEY_UIApplicationSceneManifest_Generation = YES;
				INFOPLIST_KEY_UIApplicationSupportsIndirectInputEvents = YES;
				INFOPLIST_KEY_UILaunchScreen_Generation = YES;
				INFOPLIST_KEY_UISupportedInterfaceOrientations_iPad = "UIInterfaceOrientationPortrait UIInterfaceOrientationPortraitUpsideDown UIInterfaceOrientationLandscapeLeft UIInterfaceOrientationLandscapeRight";
				INFOPLIST_KEY_UISupportedInterfaceOrientations_iPhone = "UIInterfaceOrientationPortrait UIInterfaceOrientationLandscapeLeft UIInterfaceOrientationLandscapeRight";
				IPHONEOS_DEPLOYMENT_TARGET = 16.0;
				LD_RUNPATH_SEARCH_PATHS = (
					"$(inherited)",
					"@executable_path/Frameworks",
				);
				MARKETING_VERSION = 1.0;
				PRODUCT_BUNDLE_IDENTIFIER = com.alinatariq.CrochetHelper;
				PRODUCT_NAME = "$(TARGET_NAME)";
				SWIFT_EMIT_LOC_STRINGS = YES;
				SWIFT_VERSION = 5.0;
				TARGETED_DEVICE_FAMILY = "1,2";
			};
			name = Release;
		};
/* End XCBuildConfiguration section */

/* Begin XCConfigurationList section */
		C73F60DD2A8442FD00A30380 /* Build configuration list for PBXProject "CrochetHelper" */ = {
			isa = XCConfigurationList;
			buildConfigurations = (
				C73F60EE2A8442FE00A30380 /* Debug */,
				C73F60EF2A8442FE00A30380 /* Release */,
			);
			defaultConfigurationIsVisible = 0;
			defaultConfigurationName = Release;
		};
		C73F60F02A8442FE00A30380 /* Build configuration list for PBXNativeTarget "CrochetHelper" */ = {
			isa = XCConfigurationList;
			buildConfigurations = (
				C73F60F12A8442FE00A30380 /* Debug */,
				C73F60F22A8442FE00A30380 /* Release */,
			);
			defaultConfigurationIsVisible = 0;
			defaultConfigurationName = Release;
		};
/* End XCConfigurationList section */

/* Begin XCRemoteSwiftPackageReference section */
		C7FDB20E2A86BE6A00C06EA4 /* XCRemoteSwiftPackageReference "realm-swift" */ = {
			isa = XCRemoteSwiftPackageReference;
			repositoryURL = "https://github.com/realm/realm-swift.git";
			requirement = {
				branch = master;
				kind = branch;
			};
		};
/* End XCRemoteSwiftPackageReference section */

/* Begin XCSwiftPackageProductDependency section */
		C7FDB20F2A86BE6A00C06EA4 /* Realm */ = {
			isa = XCSwiftPackageProductDependency;
			package = C7FDB20E2A86BE6A00C06EA4 /* XCRemoteSwiftPackageReference "realm-swift" */;
			productName = Realm;
		};
		C7FDB2112A86BE6A00C06EA4 /* RealmSwift */ = {
			isa = XCSwiftPackageProductDependency;
			package = C7FDB20E2A86BE6A00C06EA4 /* XCRemoteSwiftPackageReference "realm-swift" */;
			productName = RealmSwift;
		};
/* End XCSwiftPackageProductDependency section */
	};
	rootObject = C73F60DA2A8442FD00A30380 /* Project object */;
}
