// !$*UTF8*$!
{
	archiveVersion = 1;
	classes = {
	};
	objectVersion = 56;
	objects = {

/* Begin PBXBuildFile section */
		C798FCDA2A89B50000B26242 /* default.realm in Resources */ = {isa = PBXBuildFile; fileRef = C798FCD92A89B50000B26242 /* default.realm */; };
		C798FCDC2A89BA0C00B26242 /* AppDelegate.swift in Sources */ = {isa = PBXBuildFile; fileRef = C798FCDB2A89BA0C00B26242 /* AppDelegate.swift */; };
		C7AD33722A89694F00EA424A /* ProjectModel.swift in Sources */ = {isa = PBXBuildFile; fileRef = C73F61112A856E3D00A30380 /* ProjectModel.swift */; };
		C7AD33732A89694F00EA424A /* EditYarnView.swift in Sources */ = {isa = PBXBuildFile; fileRef = C753648B2A888D64003403B8 /* EditYarnView.swift */; };
		C7AD33742A89694F00EA424A /* AllProjectsView.swift in Sources */ = {isa = PBXBuildFile; fileRef = C73F61012A84536C00A30380 /* AllProjectsView.swift */; };
		C7AD33752A89694F00EA424A /* YarnModel.swift in Sources */ = {isa = PBXBuildFile; fileRef = C73F610D2A856E2700A30380 /* YarnModel.swift */; };
		C7AD33762A89694F00EA424A /* PatternView.swift in Sources */ = {isa = PBXBuildFile; fileRef = C75364752A880659003403B8 /* PatternView.swift */; };
		C7AD33772A89694F00EA424A /* AllPatternsView.swift in Sources */ = {isa = PBXBuildFile; fileRef = C73F60F92A84532300A30380 /* AllPatternsView.swift */; };
		C7AD33782A89694F00EA424A /* EditTermView.swift in Sources */ = {isa = PBXBuildFile; fileRef = C753648D2A888D6E003403B8 /* EditTermView.swift */; };
		C7AD33792A89694F00EA424A /* TermModel.swift in Sources */ = {isa = PBXBuildFile; fileRef = C73F610F2A856E3400A30380 /* TermModel.swift */; };
		C7AD337A2A89694F00EA424A /* YarnView.swift in Sources */ = {isa = PBXBuildFile; fileRef = C75364792A88066E003403B8 /* YarnView.swift */; };
		C7AD337B2A89694F00EA424A /* PatternModel.swift in Sources */ = {isa = PBXBuildFile; fileRef = C73F610B2A847A1A00A30380 /* PatternModel.swift */; };
		C7AD337C2A89694F00EA424A /* YarnCard.swift in Sources */ = {isa = PBXBuildFile; fileRef = C7FDB2182A86EDDB00C06EA4 /* YarnCard.swift */; };
		C7AD337D2A89694F00EA424A /* ProjectCard.swift in Sources */ = {isa = PBXBuildFile; fileRef = C7FDB2162A86EDD300C06EA4 /* ProjectCard.swift */; };
		C7AD337E2A89694F00EA424A /* ContentView.swift in Sources */ = {isa = PBXBuildFile; fileRef = C73F60E72A8442FD00A30380 /* ContentView.swift */; };
		C7AD337F2A89694F00EA424A /* TermView.swift in Sources */ = {isa = PBXBuildFile; fileRef = C753647B2A88067B003403B8 /* TermView.swift */; };
		C7AD33802A89694F00EA424A /* NewYarnView.swift in Sources */ = {isa = PBXBuildFile; fileRef = C73F61132A8586FB00A30380 /* NewYarnView.swift */; };
		C7AD33812A89694F00EA424A /* ImageUploadView.swift in Sources */ = {isa = PBXBuildFile; fileRef = C7FDB20A2A85981000C06EA4 /* ImageUploadView.swift */; };
		C7AD33822A89694F00EA424A /* NewPatternView.swift in Sources */ = {isa = PBXBuildFile; fileRef = C73F60FB2A84533C00A30380 /* NewPatternView.swift */; };
		C7AD33832A89694F00EA424A /* PatternList.swift in Sources */ = {isa = PBXBuildFile; fileRef = C7FDB21D2A8718FC00C06EA4 /* PatternList.swift */; };
		C7AD33842A89694F00EA424A /* GlossaryView.swift in Sources */ = {isa = PBXBuildFile; fileRef = C73F61032A8453A200A30380 /* GlossaryView.swift */; };
		C7AD33852A89694F00EA424A /* SettingsView.swift in Sources */ = {isa = PBXBuildFile; fileRef = C73F60FF2A84535C00A30380 /* SettingsView.swift */; };
		C7AD33862A89694F00EA424A /* ProjectList.swift in Sources */ = {isa = PBXBuildFile; fileRef = C7FDB21F2A871F9D00C06EA4 /* ProjectList.swift */; };
		C7AD33872A89694F00EA424A /* NewProjectView.swift in Sources */ = {isa = PBXBuildFile; fileRef = C73F61192A85877D00A30380 /* NewProjectView.swift */; };
		C7AD33882A89694F00EA424A /* CrochetCompanionApp.swift in Sources */ = {isa = PBXBuildFile; fileRef = C73F60E52A8442FD00A30380 /* CrochetCompanionApp.swift */; };
		C7AD33892A89694F00EA424A /* EditProjectView.swift in Sources */ = {isa = PBXBuildFile; fileRef = C753648F2A888D79003403B8 /* EditProjectView.swift */; };
		C7AD338A2A89694F00EA424A /* YarnCollectionView.swift in Sources */ = {isa = PBXBuildFile; fileRef = C73F60FD2A84535100A30380 /* YarnCollectionView.swift */; };
		C7AD338B2A89694F00EA424A /* TermCard.swift in Sources */ = {isa = PBXBuildFile; fileRef = C7FDB21A2A86EDE600C06EA4 /* TermCard.swift */; };
		C7AD338C2A89694F00EA424A /* TermList.swift in Sources */ = {isa = PBXBuildFile; fileRef = C7FDB2232A871FAD00C06EA4 /* TermList.swift */; };
		C7AD338D2A89694F00EA424A /* TabBar.swift in Sources */ = {isa = PBXBuildFile; fileRef = C73F61092A84570500A30380 /* TabBar.swift */; };
		C7AD338E2A89694F00EA424A /* EditPatternView.swift in Sources */ = {isa = PBXBuildFile; fileRef = C75364892A888D5A003403B8 /* EditPatternView.swift */; };
		C7AD338F2A89694F00EA424A /* NewTermView.swift in Sources */ = {isa = PBXBuildFile; fileRef = C73F61172A85877100A30380 /* NewTermView.swift */; };
		C7AD33902A89694F00EA424A /* ProjectView.swift in Sources */ = {isa = PBXBuildFile; fileRef = C75364772A880665003403B8 /* ProjectView.swift */; };
		C7AD33912A89694F00EA424A /* PatternCard.swift in Sources */ = {isa = PBXBuildFile; fileRef = C7FDB2142A86ED1400C06EA4 /* PatternCard.swift */; };
		C7AD33922A89694F00EA424A /* YarnList.swift in Sources */ = {isa = PBXBuildFile; fileRef = C7FDB2212A871FA500C06EA4 /* YarnList.swift */; };
		C7AD33942A89694F00EA424A /* RealmSwift in Frameworks */ = {isa = PBXBuildFile; productRef = C7AD336E2A89694F00EA424A /* RealmSwift */; };
		C7AD33952A89694F00EA424A /* Realm in Frameworks */ = {isa = PBXBuildFile; productRef = C7AD336C2A89694F00EA424A /* Realm */; };
		C7AD33962A89694F00EA424A /* YouTubePlayerKit in Frameworks */ = {isa = PBXBuildFile; productRef = C7AD336F2A89694F00EA424A /* YouTubePlayerKit */; };
		C7AD33982A89694F00EA424A /* Preview Assets.xcassets in Resources */ = {isa = PBXBuildFile; fileRef = C73F60EC2A8442FE00A30380 /* Preview Assets.xcassets */; };
		C7AD33992A89694F00EA424A /* Assets.xcassets in Resources */ = {isa = PBXBuildFile; fileRef = C73F60E92A8442FE00A30380 /* Assets.xcassets */; };
		C7C4B4092B5662290074E4AD /* PatternViewModel.swift in Sources */ = {isa = PBXBuildFile; fileRef = C7C4B4082B5662290074E4AD /* PatternViewModel.swift */; };
		C7C4B40D2B5669C80074E4AD /* ProjectViewModel.swift in Sources */ = {isa = PBXBuildFile; fileRef = C7C4B40C2B5669C80074E4AD /* ProjectViewModel.swift */; };
		C7C4B40F2B5669D20074E4AD /* YarnViewModel.swift in Sources */ = {isa = PBXBuildFile; fileRef = C7C4B40E2B5669D20074E4AD /* YarnViewModel.swift */; };
		C7C4B4112B5669DD0074E4AD /* TermViewModel.swift in Sources */ = {isa = PBXBuildFile; fileRef = C7C4B4102B5669DD0074E4AD /* TermViewModel.swift */; };
/* End PBXBuildFile section */

/* Begin PBXFileReference section */
		C73F60E52A8442FD00A30380 /* CrochetCompanionApp.swift */ = {isa = PBXFileReference; lastKnownFileType = sourcecode.swift; path = CrochetCompanionApp.swift; sourceTree = "<group>"; };
		C73F60E72A8442FD00A30380 /* ContentView.swift */ = {isa = PBXFileReference; lastKnownFileType = sourcecode.swift; path = ContentView.swift; sourceTree = "<group>"; };
		C73F60E92A8442FE00A30380 /* Assets.xcassets */ = {isa = PBXFileReference; lastKnownFileType = folder.assetcatalog; path = Assets.xcassets; sourceTree = "<group>"; };
		C73F60EC2A8442FE00A30380 /* Preview Assets.xcassets */ = {isa = PBXFileReference; lastKnownFileType = folder.assetcatalog; path = "Preview Assets.xcassets"; sourceTree = "<group>"; };
		C73F60F92A84532300A30380 /* AllPatternsView.swift */ = {isa = PBXFileReference; lastKnownFileType = sourcecode.swift; path = AllPatternsView.swift; sourceTree = "<group>"; };
		C73F60FB2A84533C00A30380 /* NewPatternView.swift */ = {isa = PBXFileReference; lastKnownFileType = sourcecode.swift; path = NewPatternView.swift; sourceTree = "<group>"; };
		C73F60FD2A84535100A30380 /* YarnCollectionView.swift */ = {isa = PBXFileReference; lastKnownFileType = sourcecode.swift; path = YarnCollectionView.swift; sourceTree = "<group>"; };
		C73F60FF2A84535C00A30380 /* SettingsView.swift */ = {isa = PBXFileReference; lastKnownFileType = sourcecode.swift; path = SettingsView.swift; sourceTree = "<group>"; };
		C73F61012A84536C00A30380 /* AllProjectsView.swift */ = {isa = PBXFileReference; lastKnownFileType = sourcecode.swift; path = AllProjectsView.swift; sourceTree = "<group>"; };
		C73F61032A8453A200A30380 /* GlossaryView.swift */ = {isa = PBXFileReference; lastKnownFileType = sourcecode.swift; path = GlossaryView.swift; sourceTree = "<group>"; };
		C73F61092A84570500A30380 /* TabBar.swift */ = {isa = PBXFileReference; lastKnownFileType = sourcecode.swift; path = TabBar.swift; sourceTree = "<group>"; };
		C73F610B2A847A1A00A30380 /* PatternModel.swift */ = {isa = PBXFileReference; lastKnownFileType = sourcecode.swift; path = PatternModel.swift; sourceTree = "<group>"; };
		C73F610D2A856E2700A30380 /* YarnModel.swift */ = {isa = PBXFileReference; lastKnownFileType = sourcecode.swift; path = YarnModel.swift; sourceTree = "<group>"; };
		C73F610F2A856E3400A30380 /* TermModel.swift */ = {isa = PBXFileReference; lastKnownFileType = sourcecode.swift; path = TermModel.swift; sourceTree = "<group>"; };
		C73F61112A856E3D00A30380 /* ProjectModel.swift */ = {isa = PBXFileReference; lastKnownFileType = sourcecode.swift; path = ProjectModel.swift; sourceTree = "<group>"; };
		C73F61132A8586FB00A30380 /* NewYarnView.swift */ = {isa = PBXFileReference; lastKnownFileType = sourcecode.swift; path = NewYarnView.swift; sourceTree = "<group>"; };
		C73F61172A85877100A30380 /* NewTermView.swift */ = {isa = PBXFileReference; lastKnownFileType = sourcecode.swift; path = NewTermView.swift; sourceTree = "<group>"; };
		C73F61192A85877D00A30380 /* NewProjectView.swift */ = {isa = PBXFileReference; lastKnownFileType = sourcecode.swift; path = NewProjectView.swift; sourceTree = "<group>"; };
		C75364752A880659003403B8 /* PatternView.swift */ = {isa = PBXFileReference; lastKnownFileType = sourcecode.swift; path = PatternView.swift; sourceTree = "<group>"; };
		C75364772A880665003403B8 /* ProjectView.swift */ = {isa = PBXFileReference; lastKnownFileType = sourcecode.swift; path = ProjectView.swift; sourceTree = "<group>"; };
		C75364792A88066E003403B8 /* YarnView.swift */ = {isa = PBXFileReference; lastKnownFileType = sourcecode.swift; path = YarnView.swift; sourceTree = "<group>"; };
		C753647B2A88067B003403B8 /* TermView.swift */ = {isa = PBXFileReference; lastKnownFileType = sourcecode.swift; path = TermView.swift; sourceTree = "<group>"; };
		C75364892A888D5A003403B8 /* EditPatternView.swift */ = {isa = PBXFileReference; lastKnownFileType = sourcecode.swift; path = EditPatternView.swift; sourceTree = "<group>"; };
		C753648B2A888D64003403B8 /* EditYarnView.swift */ = {isa = PBXFileReference; lastKnownFileType = sourcecode.swift; path = EditYarnView.swift; sourceTree = "<group>"; };
		C753648D2A888D6E003403B8 /* EditTermView.swift */ = {isa = PBXFileReference; lastKnownFileType = sourcecode.swift; path = EditTermView.swift; sourceTree = "<group>"; };
		C753648F2A888D79003403B8 /* EditProjectView.swift */ = {isa = PBXFileReference; lastKnownFileType = sourcecode.swift; path = EditProjectView.swift; sourceTree = "<group>"; };
		C75364912A8961CC003403B8 /* Info.plist */ = {isa = PBXFileReference; lastKnownFileType = text.plist; path = Info.plist; sourceTree = "<group>"; };
		C798FCD92A89B50000B26242 /* default.realm */ = {isa = PBXFileReference; lastKnownFileType = file; path = default.realm; sourceTree = "<group>"; };
		C798FCDB2A89BA0C00B26242 /* AppDelegate.swift */ = {isa = PBXFileReference; lastKnownFileType = sourcecode.swift; path = AppDelegate.swift; sourceTree = "<group>"; };
		C7AD339D2A89694F00EA424A /* CrochetCompanion.app */ = {isa = PBXFileReference; explicitFileType = wrapper.application; includeInIndex = 0; path = CrochetCompanion.app; sourceTree = BUILT_PRODUCTS_DIR; };
		C7C4B4082B5662290074E4AD /* PatternViewModel.swift */ = {isa = PBXFileReference; lastKnownFileType = sourcecode.swift; path = PatternViewModel.swift; sourceTree = "<group>"; };
		C7C4B40C2B5669C80074E4AD /* ProjectViewModel.swift */ = {isa = PBXFileReference; lastKnownFileType = sourcecode.swift; path = ProjectViewModel.swift; sourceTree = "<group>"; };
		C7C4B40E2B5669D20074E4AD /* YarnViewModel.swift */ = {isa = PBXFileReference; lastKnownFileType = sourcecode.swift; path = YarnViewModel.swift; sourceTree = "<group>"; };
		C7C4B4102B5669DD0074E4AD /* TermViewModel.swift */ = {isa = PBXFileReference; lastKnownFileType = sourcecode.swift; path = TermViewModel.swift; sourceTree = "<group>"; };
		C7FDB20A2A85981000C06EA4 /* ImageUploadView.swift */ = {isa = PBXFileReference; lastKnownFileType = sourcecode.swift; path = ImageUploadView.swift; sourceTree = "<group>"; };
		C7FDB2142A86ED1400C06EA4 /* PatternCard.swift */ = {isa = PBXFileReference; lastKnownFileType = sourcecode.swift; path = PatternCard.swift; sourceTree = "<group>"; };
		C7FDB2162A86EDD300C06EA4 /* ProjectCard.swift */ = {isa = PBXFileReference; lastKnownFileType = sourcecode.swift; path = ProjectCard.swift; sourceTree = "<group>"; };
		C7FDB2182A86EDDB00C06EA4 /* YarnCard.swift */ = {isa = PBXFileReference; lastKnownFileType = sourcecode.swift; path = YarnCard.swift; sourceTree = "<group>"; };
		C7FDB21A2A86EDE600C06EA4 /* TermCard.swift */ = {isa = PBXFileReference; lastKnownFileType = sourcecode.swift; path = TermCard.swift; sourceTree = "<group>"; };
		C7FDB21D2A8718FC00C06EA4 /* PatternList.swift */ = {isa = PBXFileReference; lastKnownFileType = sourcecode.swift; path = PatternList.swift; sourceTree = "<group>"; };
		C7FDB21F2A871F9D00C06EA4 /* ProjectList.swift */ = {isa = PBXFileReference; lastKnownFileType = sourcecode.swift; path = ProjectList.swift; sourceTree = "<group>"; };
		C7FDB2212A871FA500C06EA4 /* YarnList.swift */ = {isa = PBXFileReference; lastKnownFileType = sourcecode.swift; path = YarnList.swift; sourceTree = "<group>"; };
		C7FDB2232A871FAD00C06EA4 /* TermList.swift */ = {isa = PBXFileReference; lastKnownFileType = sourcecode.swift; path = TermList.swift; sourceTree = "<group>"; };
/* End PBXFileReference section */

/* Begin PBXFrameworksBuildPhase section */
		C7AD33932A89694F00EA424A /* Frameworks */ = {
			isa = PBXFrameworksBuildPhase;
			buildActionMask = 2147483647;
			files = (
				C7AD33942A89694F00EA424A /* RealmSwift in Frameworks */,
				C7AD33952A89694F00EA424A /* Realm in Frameworks */,
				C7AD33962A89694F00EA424A /* YouTubePlayerKit in Frameworks */,
			);
			runOnlyForDeploymentPostprocessing = 0;
		};
/* End PBXFrameworksBuildPhase section */

/* Begin PBXGroup section */
		C73F60D92A8442FD00A30380 = {
			isa = PBXGroup;
			children = (
				C73F60E42A8442FD00A30380 /* CrochetCompanion */,
				C73F60E32A8442FD00A30380 /* Products */,
			);
			sourceTree = "<group>";
		};
		C73F60E32A8442FD00A30380 /* Products */ = {
			isa = PBXGroup;
			children = (
				C7AD339D2A89694F00EA424A /* CrochetCompanion.app */,
			);
			name = Products;
			sourceTree = "<group>";
		};
		C73F60E42A8442FD00A30380 /* CrochetCompanion */ = {
			isa = PBXGroup;
			children = (
				C75364912A8961CC003403B8 /* Info.plist */,
				C798FCD92A89B50000B26242 /* default.realm */,
				C73F60E52A8442FD00A30380 /* CrochetCompanionApp.swift */,
				C7C4B4052B565E3C0074E4AD /* ViewModels */,
				C798FCDB2A89BA0C00B26242 /* AppDelegate.swift */,
				C73F60F32A8443E300A30380 /* Views */,
				C73F60F52A84440A00A30380 /* Models */,
				C73F60E92A8442FE00A30380 /* Assets.xcassets */,
				C73F60EB2A8442FE00A30380 /* Preview Content */,
			);
			path = CrochetCompanion;
			sourceTree = "<group>";
		};
		C73F60EB2A8442FE00A30380 /* Preview Content */ = {
			isa = PBXGroup;
			children = (
				C73F60EC2A8442FE00A30380 /* Preview Assets.xcassets */,
			);
			path = "Preview Content";
			sourceTree = "<group>";
		};
		C73F60F32A8443E300A30380 /* Views */ = {
			isa = PBXGroup;
			children = (
				C75364882A888D4D003403B8 /* Edit */,
				C75364742A880635003403B8 /* Detail */,
				C7FDB21C2A8718EF00C06EA4 /* List */,
				C73F61152A85871F00A30380 /* New */,
				C73F60F62A84442600A30380 /* Main */,
			);
			path = Views;
			sourceTree = "<group>";
		};
		C73F60F52A84440A00A30380 /* Models */ = {
			isa = PBXGroup;
			children = (
				C73F610B2A847A1A00A30380 /* PatternModel.swift */,
				C73F610D2A856E2700A30380 /* YarnModel.swift */,
				C73F610F2A856E3400A30380 /* TermModel.swift */,
				C73F61112A856E3D00A30380 /* ProjectModel.swift */,
			);
			path = Models;
			sourceTree = "<group>";
		};
		C73F60F62A84442600A30380 /* Main */ = {
			isa = PBXGroup;
			children = (
				C73F60E72A8442FD00A30380 /* ContentView.swift */,
				C73F61092A84570500A30380 /* TabBar.swift */,
				C73F60F92A84532300A30380 /* AllPatternsView.swift */,
				C73F60FD2A84535100A30380 /* YarnCollectionView.swift */,
				C73F60FF2A84535C00A30380 /* SettingsView.swift */,
				C73F61012A84536C00A30380 /* AllProjectsView.swift */,
				C73F61032A8453A200A30380 /* GlossaryView.swift */,
				C7FDB20A2A85981000C06EA4 /* ImageUploadView.swift */,
			);
			path = Main;
			sourceTree = "<group>";
		};
		C73F61152A85871F00A30380 /* New */ = {
			isa = PBXGroup;
			children = (
				C73F60FB2A84533C00A30380 /* NewPatternView.swift */,
				C73F61132A8586FB00A30380 /* NewYarnView.swift */,
				C73F61172A85877100A30380 /* NewTermView.swift */,
				C73F61192A85877D00A30380 /* NewProjectView.swift */,
			);
			path = New;
			sourceTree = "<group>";
		};
		C75364742A880635003403B8 /* Detail */ = {
			isa = PBXGroup;
			children = (
				C75364752A880659003403B8 /* PatternView.swift */,
				C75364772A880665003403B8 /* ProjectView.swift */,
				C75364792A88066E003403B8 /* YarnView.swift */,
				C753647B2A88067B003403B8 /* TermView.swift */,
			);
			path = Detail;
			sourceTree = "<group>";
		};
		C75364882A888D4D003403B8 /* Edit */ = {
			isa = PBXGroup;
			children = (
				C75364892A888D5A003403B8 /* EditPatternView.swift */,
				C753648B2A888D64003403B8 /* EditYarnView.swift */,
				C753648D2A888D6E003403B8 /* EditTermView.swift */,
				C753648F2A888D79003403B8 /* EditProjectView.swift */,
			);
			path = Edit;
			sourceTree = "<group>";
		};
		C7C4B4052B565E3C0074E4AD /* ViewModels */ = {
			isa = PBXGroup;
			children = (
				C7C4B4082B5662290074E4AD /* PatternViewModel.swift */,
				C7C4B40C2B5669C80074E4AD /* ProjectViewModel.swift */,
				C7C4B40E2B5669D20074E4AD /* YarnViewModel.swift */,
				C7C4B4102B5669DD0074E4AD /* TermViewModel.swift */,
			);
			path = ViewModels;
			sourceTree = "<group>";
		};
		C7FDB2132A86E9AE00C06EA4 /* Cards */ = {
			isa = PBXGroup;
			children = (
				C7FDB2142A86ED1400C06EA4 /* PatternCard.swift */,
				C7FDB2162A86EDD300C06EA4 /* ProjectCard.swift */,
				C7FDB2182A86EDDB00C06EA4 /* YarnCard.swift */,
				C7FDB21A2A86EDE600C06EA4 /* TermCard.swift */,
			);
			path = Cards;
			sourceTree = "<group>";
		};
		C7FDB21C2A8718EF00C06EA4 /* List */ = {
			isa = PBXGroup;
			children = (
				C7FDB2132A86E9AE00C06EA4 /* Cards */,
				C7FDB21D2A8718FC00C06EA4 /* PatternList.swift */,
				C7FDB21F2A871F9D00C06EA4 /* ProjectList.swift */,
				C7FDB2212A871FA500C06EA4 /* YarnList.swift */,
				C7FDB2232A871FAD00C06EA4 /* TermList.swift */,
			);
			path = List;
			sourceTree = "<group>";
		};
/* End PBXGroup section */

/* Begin PBXNativeTarget section */
		C7AD336B2A89694F00EA424A /* CrochetCompanion */ = {
			isa = PBXNativeTarget;
			buildConfigurationList = C7AD339A2A89694F00EA424A /* Build configuration list for PBXNativeTarget "CrochetCompanion" */;
			buildPhases = (
				C7AD33712A89694F00EA424A /* Sources */,
				C7AD33932A89694F00EA424A /* Frameworks */,
				C7AD33972A89694F00EA424A /* Resources */,
			);
			buildRules = (
			);
			dependencies = (
			);
			name = CrochetCompanion;
			packageProductDependencies = (
				C7AD336C2A89694F00EA424A /* Realm */,
				C7AD336E2A89694F00EA424A /* RealmSwift */,
				C7AD336F2A89694F00EA424A /* YouTubePlayerKit */,
			);
			productName = "Crochet Helper";
			productReference = C7AD339D2A89694F00EA424A /* CrochetCompanion.app */;
			productType = "com.apple.product-type.application";
		};
/* End PBXNativeTarget section */

/* Begin PBXProject section */
		C73F60DA2A8442FD00A30380 /* Project object */ = {
			isa = PBXProject;
			attributes = {
				BuildIndependentTargetsInParallel = 1;
				LastSwiftUpdateCheck = 1430;
				LastUpgradeCheck = 1430;
			};
			buildConfigurationList = C73F60DD2A8442FD00A30380 /* Build configuration list for PBXProject "CrochetCompanion" */;
			compatibilityVersion = "Xcode 14.0";
			developmentRegion = en;
			hasScannedForEncodings = 0;
			knownRegions = (
				en,
				Base,
			);
			mainGroup = C73F60D92A8442FD00A30380;
			packageReferences = (
				C7FDB20E2A86BE6A00C06EA4 /* XCRemoteSwiftPackageReference "realm-swift" */,
				C75364712A8800C9003403B8 /* XCRemoteSwiftPackageReference "YouTubePlayerKit" */,
			);
			productRefGroup = C73F60E32A8442FD00A30380 /* Products */;
			projectDirPath = "";
			projectRoot = "";
			targets = (
				C7AD336B2A89694F00EA424A /* CrochetCompanion */,
			);
		};
/* End PBXProject section */

/* Begin PBXResourcesBuildPhase section */
		C7AD33972A89694F00EA424A /* Resources */ = {
			isa = PBXResourcesBuildPhase;
			buildActionMask = 2147483647;
			files = (
				C7AD33982A89694F00EA424A /* Preview Assets.xcassets in Resources */,
				C7AD33992A89694F00EA424A /* Assets.xcassets in Resources */,
				C798FCDA2A89B50000B26242 /* default.realm in Resources */,
			);
			runOnlyForDeploymentPostprocessing = 0;
		};
/* End PBXResourcesBuildPhase section */

/* Begin PBXSourcesBuildPhase section */
		C7AD33712A89694F00EA424A /* Sources */ = {
			isa = PBXSourcesBuildPhase;
			buildActionMask = 2147483647;
			files = (
				C7AD33722A89694F00EA424A /* ProjectModel.swift in Sources */,
				C7AD33732A89694F00EA424A /* EditYarnView.swift in Sources */,
				C7AD33742A89694F00EA424A /* AllProjectsView.swift in Sources */,
				C7AD33752A89694F00EA424A /* YarnModel.swift in Sources */,
				C7AD33762A89694F00EA424A /* PatternView.swift in Sources */,
				C7AD33772A89694F00EA424A /* AllPatternsView.swift in Sources */,
				C7AD33782A89694F00EA424A /* EditTermView.swift in Sources */,
				C7AD33792A89694F00EA424A /* TermModel.swift in Sources */,
				C7AD337A2A89694F00EA424A /* YarnView.swift in Sources */,
				C7AD337B2A89694F00EA424A /* PatternModel.swift in Sources */,
				C7AD337C2A89694F00EA424A /* YarnCard.swift in Sources */,
				C7AD337D2A89694F00EA424A /* ProjectCard.swift in Sources */,
				C7AD337E2A89694F00EA424A /* ContentView.swift in Sources */,
				C7AD337F2A89694F00EA424A /* TermView.swift in Sources */,
				C7C4B4112B5669DD0074E4AD /* TermViewModel.swift in Sources */,
				C7AD33802A89694F00EA424A /* NewYarnView.swift in Sources */,
				C7AD33812A89694F00EA424A /* ImageUploadView.swift in Sources */,
				C7AD33822A89694F00EA424A /* NewPatternView.swift in Sources */,
				C7AD33832A89694F00EA424A /* PatternList.swift in Sources */,
				C7AD33842A89694F00EA424A /* GlossaryView.swift in Sources */,
				C7AD33852A89694F00EA424A /* SettingsView.swift in Sources */,
				C7AD33862A89694F00EA424A /* ProjectList.swift in Sources */,
				C7AD33872A89694F00EA424A /* NewProjectView.swift in Sources */,
				C7AD33882A89694F00EA424A /* CrochetCompanionApp.swift in Sources */,
				C7AD33892A89694F00EA424A /* EditProjectView.swift in Sources */,
				C7AD338A2A89694F00EA424A /* YarnCollectionView.swift in Sources */,
				C7AD338B2A89694F00EA424A /* TermCard.swift in Sources */,
				C7AD338C2A89694F00EA424A /* TermList.swift in Sources */,
				C7C4B4092B5662290074E4AD /* PatternViewModel.swift in Sources */,
				C7C4B40D2B5669C80074E4AD /* ProjectViewModel.swift in Sources */,
				C7AD338D2A89694F00EA424A /* TabBar.swift in Sources */,
				C7C4B40F2B5669D20074E4AD /* YarnViewModel.swift in Sources */,
				C7AD338E2A89694F00EA424A /* EditPatternView.swift in Sources */,
				C7AD338F2A89694F00EA424A /* NewTermView.swift in Sources */,
				C7AD33902A89694F00EA424A /* ProjectView.swift in Sources */,
				C7AD33912A89694F00EA424A /* PatternCard.swift in Sources */,
				C798FCDC2A89BA0C00B26242 /* AppDelegate.swift in Sources */,
				C7AD33922A89694F00EA424A /* YarnList.swift in Sources */,
			);
			runOnlyForDeploymentPostprocessing = 0;
		};
/* End PBXSourcesBuildPhase section */

/* Begin XCBuildConfiguration section */
		C73F60EE2A8442FE00A30380 /* Debug */ = {
			isa = XCBuildConfiguration;
			buildSettings = {
				ALWAYS_SEARCH_USER_PATHS = NO;
				CLANG_ANALYZER_NONNULL = YES;
				CLANG_ANALYZER_NUMBER_OBJECT_CONVERSION = YES_AGGRESSIVE;
				CLANG_CXX_LANGUAGE_STANDARD = "gnu++20";
				CLANG_ENABLE_MODULES = YES;
				CLANG_ENABLE_OBJC_ARC = YES;
				CLANG_ENABLE_OBJC_WEAK = YES;
				CLANG_WARN_BLOCK_CAPTURE_AUTORELEASING = YES;
				CLANG_WARN_BOOL_CONVERSION = YES;
				CLANG_WARN_COMMA = YES;
				CLANG_WARN_CONSTANT_CONVERSION = YES;
				CLANG_WARN_DEPRECATED_OBJC_IMPLEMENTATIONS = YES;
				CLANG_WARN_DIRECT_OBJC_ISA_USAGE = YES_ERROR;
				CLANG_WARN_DOCUMENTATION_COMMENTS = YES;
				CLANG_WARN_EMPTY_BODY = YES;
				CLANG_WARN_ENUM_CONVERSION = YES;
				CLANG_WARN_INFINITE_RECURSION = YES;
				CLANG_WARN_INT_CONVERSION = YES;
				CLANG_WARN_NON_LITERAL_NULL_CONVERSION = YES;
				CLANG_WARN_OBJC_IMPLICIT_RETAIN_SELF = YES;
				CLANG_WARN_OBJC_LITERAL_CONVERSION = YES;
				CLANG_WARN_OBJC_ROOT_CLASS = YES_ERROR;
				CLANG_WARN_QUOTED_INCLUDE_IN_FRAMEWORK_HEADER = YES;
				CLANG_WARN_RANGE_LOOP_ANALYSIS = YES;
				CLANG_WARN_STRICT_PROTOTYPES = YES;
				CLANG_WARN_SUSPICIOUS_MOVE = YES;
				CLANG_WARN_UNGUARDED_AVAILABILITY = YES_AGGRESSIVE;
				CLANG_WARN_UNREACHABLE_CODE = YES;
				CLANG_WARN__DUPLICATE_METHOD_MATCH = YES;
				COPY_PHASE_STRIP = NO;
				DEBUG_INFORMATION_FORMAT = dwarf;
				ENABLE_STRICT_OBJC_MSGSEND = YES;
				ENABLE_TESTABILITY = YES;
				GCC_C_LANGUAGE_STANDARD = gnu11;
				GCC_DYNAMIC_NO_PIC = NO;
				GCC_NO_COMMON_BLOCKS = YES;
				GCC_OPTIMIZATION_LEVEL = 0;
				GCC_PREPROCESSOR_DEFINITIONS = (
					"DEBUG=1",
					"$(inherited)",
				);
				GCC_WARN_64_TO_32_BIT_CONVERSION = YES;
				GCC_WARN_ABOUT_RETURN_TYPE = YES_ERROR;
				GCC_WARN_UNDECLARED_SELECTOR = YES;
				GCC_WARN_UNINITIALIZED_AUTOS = YES_AGGRESSIVE;
				GCC_WARN_UNUSED_FUNCTION = YES;
				GCC_WARN_UNUSED_VARIABLE = YES;
				IPHONEOS_DEPLOYMENT_TARGET = 16.4;
				MTL_ENABLE_DEBUG_INFO = INCLUDE_SOURCE;
				MTL_FAST_MATH = YES;
				ONLY_ACTIVE_ARCH = YES;
				SDKROOT = iphoneos;
				SWIFT_ACTIVE_COMPILATION_CONDITIONS = DEBUG;
				SWIFT_OPTIMIZATION_LEVEL = "-Onone";
			};
			name = Debug;
		};
		C73F60EF2A8442FE00A30380 /* Release */ = {
			isa = XCBuildConfiguration;
			buildSettings = {
				ALWAYS_SEARCH_USER_PATHS = NO;
				CLANG_ANALYZER_NONNULL = YES;
				CLANG_ANALYZER_NUMBER_OBJECT_CONVERSION = YES_AGGRESSIVE;
				CLANG_CXX_LANGUAGE_STANDARD = "gnu++20";
				CLANG_ENABLE_MODULES = YES;
				CLANG_ENABLE_OBJC_ARC = YES;
				CLANG_ENABLE_OBJC_WEAK = YES;
				CLANG_WARN_BLOCK_CAPTURE_AUTORELEASING = YES;
				CLANG_WARN_BOOL_CONVERSION = YES;
				CLANG_WARN_COMMA = YES;
				CLANG_WARN_CONSTANT_CONVERSION = YES;
				CLANG_WARN_DEPRECATED_OBJC_IMPLEMENTATIONS = YES;
				CLANG_WARN_DIRECT_OBJC_ISA_USAGE = YES_ERROR;
				CLANG_WARN_DOCUMENTATION_COMMENTS = YES;
				CLANG_WARN_EMPTY_BODY = YES;
				CLANG_WARN_ENUM_CONVERSION = YES;
				CLANG_WARN_INFINITE_RECURSION = YES;
				CLANG_WARN_INT_CONVERSION = YES;
				CLANG_WARN_NON_LITERAL_NULL_CONVERSION = YES;
				CLANG_WARN_OBJC_IMPLICIT_RETAIN_SELF = YES;
				CLANG_WARN_OBJC_LITERAL_CONVERSION = YES;
				CLANG_WARN_OBJC_ROOT_CLASS = YES_ERROR;
				CLANG_WARN_QUOTED_INCLUDE_IN_FRAMEWORK_HEADER = YES;
				CLANG_WARN_RANGE_LOOP_ANALYSIS = YES;
				CLANG_WARN_STRICT_PROTOTYPES = YES;
				CLANG_WARN_SUSPICIOUS_MOVE = YES;
				CLANG_WARN_UNGUARDED_AVAILABILITY = YES_AGGRESSIVE;
				CLANG_WARN_UNREACHABLE_CODE = YES;
				CLANG_WARN__DUPLICATE_METHOD_MATCH = YES;
				COPY_PHASE_STRIP = NO;
				DEBUG_INFORMATION_FORMAT = "dwarf-with-dsym";
				ENABLE_NS_ASSERTIONS = NO;
				ENABLE_STRICT_OBJC_MSGSEND = YES;
				GCC_C_LANGUAGE_STANDARD = gnu11;
				GCC_NO_COMMON_BLOCKS = YES;
				GCC_WARN_64_TO_32_BIT_CONVERSION = YES;
				GCC_WARN_ABOUT_RETURN_TYPE = YES_ERROR;
				GCC_WARN_UNDECLARED_SELECTOR = YES;
				GCC_WARN_UNINITIALIZED_AUTOS = YES_AGGRESSIVE;
				GCC_WARN_UNUSED_FUNCTION = YES;
				GCC_WARN_UNUSED_VARIABLE = YES;
				IPHONEOS_DEPLOYMENT_TARGET = 16.4;
				MTL_ENABLE_DEBUG_INFO = NO;
				MTL_FAST_MATH = YES;
				SDKROOT = iphoneos;
				SWIFT_COMPILATION_MODE = wholemodule;
				SWIFT_OPTIMIZATION_LEVEL = "-O";
				VALIDATE_PRODUCT = YES;
			};
			name = Release;
		};
		C7AD339B2A89694F00EA424A /* Debug */ = {
			isa = XCBuildConfiguration;
			buildSettings = {
				ASSETCATALOG_COMPILER_APPICON_NAME = AppIcon;
				ASSETCATALOG_COMPILER_GLOBAL_ACCENT_COLOR_NAME = AccentColor;
				CODE_SIGN_STYLE = Automatic;
				CURRENT_PROJECT_VERSION = 1;
				DEVELOPMENT_ASSET_PATHS = "\"CrochetCompanion/Preview Content\"";
				DEVELOPMENT_TEAM = 8HZG4VWY6M;
				ENABLE_PREVIEWS = YES;
				GENERATE_INFOPLIST_FILE = YES;
				INFOPLIST_FILE = CrochetCompanionInfo.plist;
				INFOPLIST_KEY_UIApplicationSceneManifest_Generation = YES;
				INFOPLIST_KEY_UIApplicationSupportsIndirectInputEvents = YES;
				INFOPLIST_KEY_UISupportedInterfaceOrientations_iPad = "UIInterfaceOrientationPortrait UIInterfaceOrientationPortraitUpsideDown UIInterfaceOrientationLandscapeLeft UIInterfaceOrientationLandscapeRight";
				INFOPLIST_KEY_UISupportedInterfaceOrientations_iPhone = "UIInterfaceOrientationPortrait UIInterfaceOrientationLandscapeLeft UIInterfaceOrientationLandscapeRight";
				IPHONEOS_DEPLOYMENT_TARGET = 16.0;
				LD_RUNPATH_SEARCH_PATHS = (
					"$(inherited)",
					"@executable_path/Frameworks",
				);
				MARKETING_VERSION = 1.0;
				PRODUCT_BUNDLE_IDENTIFIER = com.alinatariq.CrochetCompanion;
				PRODUCT_NAME = "$(TARGET_NAME)";
				SWIFT_EMIT_LOC_STRINGS = YES;
				SWIFT_VERSION = 5.0;
				TARGETED_DEVICE_FAMILY = "1,2";
			};
			name = Debug;
		};
		C7AD339C2A89694F00EA424A /* Release */ = {
			isa = XCBuildConfiguration;
			buildSettings = {
				ASSETCATALOG_COMPILER_APPICON_NAME = AppIcon;
				ASSETCATALOG_COMPILER_GLOBAL_ACCENT_COLOR_NAME = AccentColor;
				CODE_SIGN_STYLE = Automatic;
				CURRENT_PROJECT_VERSION = 1;
				DEVELOPMENT_ASSET_PATHS = "\"CrochetCompanion/Preview Content\"";
				DEVELOPMENT_TEAM = 8HZG4VWY6M;
				ENABLE_PREVIEWS = YES;
				GENERATE_INFOPLIST_FILE = YES;
				INFOPLIST_FILE = CrochetCompanionInfo.plist;
				INFOPLIST_KEY_UIApplicationSceneManifest_Generation = YES;
				INFOPLIST_KEY_UIApplicationSupportsIndirectInputEvents = YES;
				INFOPLIST_KEY_UISupportedInterfaceOrientations_iPad = "UIInterfaceOrientationPortrait UIInterfaceOrientationPortraitUpsideDown UIInterfaceOrientationLandscapeLeft UIInterfaceOrientationLandscapeRight";
				INFOPLIST_KEY_UISupportedInterfaceOrientations_iPhone = "UIInterfaceOrientationPortrait UIInterfaceOrientationLandscapeLeft UIInterfaceOrientationLandscapeRight";
				IPHONEOS_DEPLOYMENT_TARGET = 16.0;
				LD_RUNPATH_SEARCH_PATHS = (
					"$(inherited)",
					"@executable_path/Frameworks",
				);
				MARKETING_VERSION = 1.0;
				PRODUCT_BUNDLE_IDENTIFIER = com.alinatariq.CrochetCompanion;
				PRODUCT_NAME = "$(TARGET_NAME)";
				SWIFT_EMIT_LOC_STRINGS = YES;
				SWIFT_VERSION = 5.0;
				TARGETED_DEVICE_FAMILY = "1,2";
			};
			name = Release;
		};
/* End XCBuildConfiguration section */

/* Begin XCConfigurationList section */
		C73F60DD2A8442FD00A30380 /* Build configuration list for PBXProject "CrochetCompanion" */ = {
			isa = XCConfigurationList;
			buildConfigurations = (
				C73F60EE2A8442FE00A30380 /* Debug */,
				C73F60EF2A8442FE00A30380 /* Release */,
			);
			defaultConfigurationIsVisible = 0;
			defaultConfigurationName = Release;
		};
		C7AD339A2A89694F00EA424A /* Build configuration list for PBXNativeTarget "CrochetCompanion" */ = {
			isa = XCConfigurationList;
			buildConfigurations = (
				C7AD339B2A89694F00EA424A /* Debug */,
				C7AD339C2A89694F00EA424A /* Release */,
			);
			defaultConfigurationIsVisible = 0;
			defaultConfigurationName = Release;
		};
/* End XCConfigurationList section */

/* Begin XCRemoteSwiftPackageReference section */
		C75364712A8800C9003403B8 /* XCRemoteSwiftPackageReference "YouTubePlayerKit" */ = {
			isa = XCRemoteSwiftPackageReference;
			repositoryURL = "https://github.com/SvenTiigi/YouTubePlayerKit.git";
			requirement = {
				kind = exactVersion;
				version = 1.5.2;
			};
		};
		C7AD336D2A89694F00EA424A /* XCRemoteSwiftPackageReference "realm-swift" */ = {
			isa = XCRemoteSwiftPackageReference;
			repositoryURL = "https://github.com/realm/realm-swift.git";
			requirement = {
				branch = master;
				kind = branch;
			};
		};
		C7AD33702A89694F00EA424A /* XCRemoteSwiftPackageReference "YouTubePlayerKit" */ = {
			isa = XCRemoteSwiftPackageReference;
			repositoryURL = "https://github.com/SvenTiigi/YouTubePlayerKit.git";
			requirement = {
				kind = exactVersion;
				version = 1.5.2;
			};
		};
		C7FDB20E2A86BE6A00C06EA4 /* XCRemoteSwiftPackageReference "realm-swift" */ = {
			isa = XCRemoteSwiftPackageReference;
			repositoryURL = "https://github.com/realm/realm-swift.git";
			requirement = {
				branch = master;
				kind = branch;
			};
		};
/* End XCRemoteSwiftPackageReference section */

/* Begin XCSwiftPackageProductDependency section */
		C7AD336C2A89694F00EA424A /* Realm */ = {
			isa = XCSwiftPackageProductDependency;
			package = C7AD336D2A89694F00EA424A /* XCRemoteSwiftPackageReference "realm-swift" */;
			productName = Realm;
		};
		C7AD336E2A89694F00EA424A /* RealmSwift */ = {
			isa = XCSwiftPackageProductDependency;
			package = C7AD336D2A89694F00EA424A /* XCRemoteSwiftPackageReference "realm-swift" */;
			productName = RealmSwift;
		};
		C7AD336F2A89694F00EA424A /* YouTubePlayerKit */ = {
			isa = XCSwiftPackageProductDependency;
			package = C7AD33702A89694F00EA424A /* XCRemoteSwiftPackageReference "YouTubePlayerKit" */;
			productName = YouTubePlayerKit;
		};
/* End XCSwiftPackageProductDependency section */
	};
	rootObject = C73F60DA2A8442FD00A30380 /* Project object */;
}
